
Microsoft Visual Studio Solution File, Format Version 12.00
Project("{2150E333-8FDC-42A3-9474-1A3956D46DE8}") = "Solution Items", "Solution Items", "{72F9C5AB-C98B-4DCB-8C92-6A847423F640}"
	ProjectSection(SolutionItems) = preProject
		..\scratch.md = ..\scratch.md
		..\global.json = ..\global.json
		src\docker-compose.yml = src\docker-compose.yml
		src\docker-compose.override.yml = src\docker-compose.override.yml
		..\Tedu-Microservices-Solution_Architect.jpeg = ..\Tedu-Microservices-Solution_Architect.jpeg
		.dockerignore = .dockerignore
	EndProjectSection
EndProject
Project("{2150E333-8FDC-42A3-9474-1A3956D46DE8}") = "src", "src", "{160B3627-EDAC-40EA-B864-1F02910FEF09}"
EndProject
Project("{2150E333-8FDC-42A3-9474-1A3956D46DE8}") = "tests", "tests", "{82AC1B74-7ECC-4134-9A09-8B295DDB5F9F}"
EndProject
Project("{2150E333-8FDC-42A3-9474-1A3956D46DE8}") = "ApiGateways", "ApiGateways", "{E8A30D60-898E-4B24-B59E-862866FE946E}"
EndProject
Project("{2150E333-8FDC-42A3-9474-1A3956D46DE8}") = "BuildingBlocks", "BuildingBlocks", "{35B52263-70E6-407F-8D24-7FFA36D93396}"
EndProject
Project("{2150E333-8FDC-42A3-9474-1A3956D46DE8}") = "Services", "Services", "{45053578-C7D8-486D-885A-65773D05B8A9}"
EndProject
Project("{2150E333-8FDC-42A3-9474-1A3956D46DE8}") = "WebApps", "WebApps", "{37123181-14FA-43C4-8240-32C474C9506C}"
EndProject
Project("{FAE04EC0-301F-11D3-BF4B-00C04F79EFBC}") = "Common.Logging", "src\BuildingBlocks\Common.Logging\Common.Logging.csproj", "{1A868AE5-EBBA-4B60-955F-ECD89AD76430}"
EndProject
Project("{2150E333-8FDC-42A3-9474-1A3956D46DE8}") = "Product", "Product", "{46136C46-834D-463E-B495-60E4DEF5205D}"
EndProject
Project("{2150E333-8FDC-42A3-9474-1A3956D46DE8}") = "Customer", "Customer", "{E05A28F9-6F66-4F15-B6F4-79B60CE4FA8F}"
EndProject
Project("{2150E333-8FDC-42A3-9474-1A3956D46DE8}") = "Basket", "Basket", "{614E6C7C-DBE2-414C-A0F7-474CA8A571E8}"
EndProject
Project("{2150E333-8FDC-42A3-9474-1A3956D46DE8}") = "Ordering", "Ordering", "{BBC2D112-BCFA-4A76-A356-6BA0B24AAC8E}"
EndProject
Project("{2150E333-8FDC-42A3-9474-1A3956D46DE8}") = "Inventory", "Inventory", "{62F91E36-DCD5-43FC-B885-E6ECB754FAF2}"
EndProject
Project("{2150E333-8FDC-42A3-9474-1A3956D46DE8}") = "ScheduledJob", "ScheduledJob", "{F2807693-91F2-4123-AF73-0DA6625C8D94}"
EndProject
Project("{FAE04EC0-301F-11D3-BF4B-00C04F79EFBC}") = "WebHealthStatus", "src\WebApps\WebHealthStatus\WebHealthStatus.csproj", "{B72F81AF-F9B9-43E2-87D2-69C48415BC84}"
EndProject
Project("{FAE04EC0-301F-11D3-BF4B-00C04F79EFBC}") = "Basket.API", "src\Services\Basket.API\Basket.API.csproj", "{C206D30D-4A63-4BDB-9AA8-F97EA44A9C60}"
EndProject
Project("{FAE04EC0-301F-11D3-BF4B-00C04F79EFBC}") = "Customer.API", "src\Services\Customer.API\Customer.API.csproj", "{FB7BD953-6C8D-4C3A-8F37-26D0DFB10C57}"
EndProject
Project("{FAE04EC0-301F-11D3-BF4B-00C04F79EFBC}") = "Inventory.Product.API", "src\Services\Inventory.Product.API\Inventory.Product.API.csproj", "{9E3E2EBF-D509-4887-AA38-70E7E5F81493}"
EndProject
Project("{FAE04EC0-301F-11D3-BF4B-00C04F79EFBC}") = "Product.API", "src\Services\Product.API\Product.API.csproj", "{7C752622-D990-4E9F-A317-270611129E7D}"
EndProject
Project("{FAE04EC0-301F-11D3-BF4B-00C04F79EFBC}") = "Hangfire.API", "src\Services\Hangfire.API\Hangfire.API.csproj", "{38249BA4-0EDC-4686-A17A-B66B4EAD027A}"
EndProject
Project("{FAE04EC0-301F-11D3-BF4B-00C04F79EFBC}") = "Contracts", "src\BuildingBlocks\Contracts\Contracts.csproj", "{94B4D65C-2979-4CCB-AF63-257C54583414}"
EndProject
Project("{FAE04EC0-301F-11D3-BF4B-00C04F79EFBC}") = "Infrastructure", "src\BuildingBlocks\Infrastructure\Infrastructure.csproj", "{6F1868D6-75C2-4AB4-8572-EDA6BE64399A}"
EndProject
Project("{FAE04EC0-301F-11D3-BF4B-00C04F79EFBC}") = "Shared", "src\BuildingBlocks\Shared\Shared.csproj", "{7BC4156D-B573-4D69-BF83-391C16ABC3AB}"
EndProject
Project("{FAE04EC0-301F-11D3-BF4B-00C04F79EFBC}") = "OcelotApiGw", "src\ApiGateway\OcelotApiGw\OcelotApiGw.csproj", "{5B8860B5-BB8E-4325-8D01-970DBF889193}"
EndProject
Project("{FAE04EC0-301F-11D3-BF4B-00C04F79EFBC}") = "Ordering.API", "src\Services\Ordering\Ordering.API\Ordering.API.csproj", "{15902117-3F31-4A52-A8B7-3B24C4EB44AF}"
EndProject
Project("{FAE04EC0-301F-11D3-BF4B-00C04F79EFBC}") = "Ordering.Application", "src\Services\Ordering\Ordering.Application\Ordering.Application.csproj", "{5E7486C5-4D4D-4FC6-98B5-704DA4A46672}"
EndProject
Project("{FAE04EC0-301F-11D3-BF4B-00C04F79EFBC}") = "Ordering.Domain", "src\Services\Ordering\Ordering.Domain\Ordering.Domain.csproj", "{6E468465-BBD8-46FD-B4B8-90DE019B1675}"
EndProject
Project("{FAE04EC0-301F-11D3-BF4B-00C04F79EFBC}") = "Ordering.Infrastructure", "src\Services\Ordering\Ordering.Infrastructure\Ordering.Infrastructure.csproj", "{6405450B-9E99-4FFA-9028-A2B55A9CABE0}"
EndProject
Project("{FAE04EC0-301F-11D3-BF4B-00C04F79EFBC}") = "Ordering.Subscriber", "src\Services\Ordering\Ordering.Subscriber\Ordering.Subscriber.csproj", "{A2176F7A-67F2-460C-93B9-41F41263BFE9}"
EndProject
Project("{2150E333-8FDC-42A3-9474-1A3956D46DE8}") = "EventBus", "EventBus", "{8B0A7EC8-7827-4E2B-B16C-F1C37C024862}"
EndProject
Project("{FAE04EC0-301F-11D3-BF4B-00C04F79EFBC}") = "EventBus.Messages", "src\BuildingBlocks\EventBus\EventBus.Messages\EventBus.Messages.csproj", "{DE7B1AF0-ECD1-4FB3-9325-D139A721E8EF}"
EndProject
Global
	GlobalSection(SolutionConfigurationPlatforms) = preSolution
		Debug|Any CPU = Debug|Any CPU
		Release|Any CPU = Release|Any CPU
	EndGlobalSection
	GlobalSection(NestedProjects) = preSolution
		{E8A30D60-898E-4B24-B59E-862866FE946E} = {160B3627-EDAC-40EA-B864-1F02910FEF09}
		{35B52263-70E6-407F-8D24-7FFA36D93396} = {160B3627-EDAC-40EA-B864-1F02910FEF09}
		{45053578-C7D8-486D-885A-65773D05B8A9} = {160B3627-EDAC-40EA-B864-1F02910FEF09}
		{37123181-14FA-43C4-8240-32C474C9506C} = {160B3627-EDAC-40EA-B864-1F02910FEF09}
		{1A868AE5-EBBA-4B60-955F-ECD89AD76430} = {35B52263-70E6-407F-8D24-7FFA36D93396}
		{46136C46-834D-463E-B495-60E4DEF5205D} = {45053578-C7D8-486D-885A-65773D05B8A9}
		{E05A28F9-6F66-4F15-B6F4-79B60CE4FA8F} = {45053578-C7D8-486D-885A-65773D05B8A9}
		{614E6C7C-DBE2-414C-A0F7-474CA8A571E8} = {45053578-C7D8-486D-885A-65773D05B8A9}
		{BBC2D112-BCFA-4A76-A356-6BA0B24AAC8E} = {45053578-C7D8-486D-885A-65773D05B8A9}
		{62F91E36-DCD5-43FC-B885-E6ECB754FAF2} = {45053578-C7D8-486D-885A-65773D05B8A9}
		{F2807693-91F2-4123-AF73-0DA6625C8D94} = {45053578-C7D8-486D-885A-65773D05B8A9}
		{B72F81AF-F9B9-43E2-87D2-69C48415BC84} = {37123181-14FA-43C4-8240-32C474C9506C}
		{C206D30D-4A63-4BDB-9AA8-F97EA44A9C60} = {614E6C7C-DBE2-414C-A0F7-474CA8A571E8}
		{FB7BD953-6C8D-4C3A-8F37-26D0DFB10C57} = {E05A28F9-6F66-4F15-B6F4-79B60CE4FA8F}
		{9E3E2EBF-D509-4887-AA38-70E7E5F81493} = {62F91E36-DCD5-43FC-B885-E6ECB754FAF2}
		{7C752622-D990-4E9F-A317-270611129E7D} = {46136C46-834D-463E-B495-60E4DEF5205D}
		{38249BA4-0EDC-4686-A17A-B66B4EAD027A} = {F2807693-91F2-4123-AF73-0DA6625C8D94}
		{94B4D65C-2979-4CCB-AF63-257C54583414} = {35B52263-70E6-407F-8D24-7FFA36D93396}
		{6F1868D6-75C2-4AB4-8572-EDA6BE64399A} = {35B52263-70E6-407F-8D24-7FFA36D93396}
		{7BC4156D-B573-4D69-BF83-391C16ABC3AB} = {35B52263-70E6-407F-8D24-7FFA36D93396}
		{5B8860B5-BB8E-4325-8D01-970DBF889193} = {E8A30D60-898E-4B24-B59E-862866FE946E}
		{15902117-3F31-4A52-A8B7-3B24C4EB44AF} = {BBC2D112-BCFA-4A76-A356-6BA0B24AAC8E}
		{5E7486C5-4D4D-4FC6-98B5-704DA4A46672} = {BBC2D112-BCFA-4A76-A356-6BA0B24AAC8E}
		{6E468465-BBD8-46FD-B4B8-90DE019B1675} = {BBC2D112-BCFA-4A76-A356-6BA0B24AAC8E}
		{6405450B-9E99-4FFA-9028-A2B55A9CABE0} = {BBC2D112-BCFA-4A76-A356-6BA0B24AAC8E}
		{A2176F7A-67F2-460C-93B9-41F41263BFE9} = {BBC2D112-BCFA-4A76-A356-6BA0B24AAC8E}
		{8B0A7EC8-7827-4E2B-B16C-F1C37C024862} = {35B52263-70E6-407F-8D24-7FFA36D93396}
		{DE7B1AF0-ECD1-4FB3-9325-D139A721E8EF} = {8B0A7EC8-7827-4E2B-B16C-F1C37C024862}
	EndGlobalSection
	GlobalSection(ProjectConfigurationPlatforms) = postSolution
		{1A868AE5-EBBA-4B60-955F-ECD89AD76430}.Debug|Any CPU.ActiveCfg = Debug|Any CPU
		{1A868AE5-EBBA-4B60-955F-ECD89AD76430}.Debug|Any CPU.Build.0 = Debug|Any CPU
		{1A868AE5-EBBA-4B60-955F-ECD89AD76430}.Release|Any CPU.ActiveCfg = Release|Any CPU
		{1A868AE5-EBBA-4B60-955F-ECD89AD76430}.Release|Any CPU.Build.0 = Release|Any CPU
		{B72F81AF-F9B9-43E2-87D2-69C48415BC84}.Debug|Any CPU.ActiveCfg = Debug|Any CPU
		{B72F81AF-F9B9-43E2-87D2-69C48415BC84}.Debug|Any CPU.Build.0 = Debug|Any CPU
		{B72F81AF-F9B9-43E2-87D2-69C48415BC84}.Release|Any CPU.ActiveCfg = Release|Any CPU
		{B72F81AF-F9B9-43E2-87D2-69C48415BC84}.Release|Any CPU.Build.0 = Release|Any CPU
		{C206D30D-4A63-4BDB-9AA8-F97EA44A9C60}.Debug|Any CPU.ActiveCfg = Debug|Any CPU
		{C206D30D-4A63-4BDB-9AA8-F97EA44A9C60}.Debug|Any CPU.Build.0 = Debug|Any CPU
		{C206D30D-4A63-4BDB-9AA8-F97EA44A9C60}.Release|Any CPU.ActiveCfg = Release|Any CPU
		{C206D30D-4A63-4BDB-9AA8-F97EA44A9C60}.Release|Any CPU.Build.0 = Release|Any CPU
		{FB7BD953-6C8D-4C3A-8F37-26D0DFB10C57}.Debug|Any CPU.ActiveCfg = Debug|Any CPU
		{FB7BD953-6C8D-4C3A-8F37-26D0DFB10C57}.Debug|Any CPU.Build.0 = Debug|Any CPU
		{FB7BD953-6C8D-4C3A-8F37-26D0DFB10C57}.Release|Any CPU.ActiveCfg = Release|Any CPU
		{FB7BD953-6C8D-4C3A-8F37-26D0DFB10C57}.Release|Any CPU.Build.0 = Release|Any CPU
		{9E3E2EBF-D509-4887-AA38-70E7E5F81493}.Debug|Any CPU.ActiveCfg = Debug|Any CPU
		{9E3E2EBF-D509-4887-AA38-70E7E5F81493}.Debug|Any CPU.Build.0 = Debug|Any CPU
		{9E3E2EBF-D509-4887-AA38-70E7E5F81493}.Release|Any CPU.ActiveCfg = Release|Any CPU
		{9E3E2EBF-D509-4887-AA38-70E7E5F81493}.Release|Any CPU.Build.0 = Release|Any CPU
		{7C752622-D990-4E9F-A317-270611129E7D}.Debug|Any CPU.ActiveCfg = Debug|Any CPU
		{7C752622-D990-4E9F-A317-270611129E7D}.Debug|Any CPU.Build.0 = Debug|Any CPU
		{7C752622-D990-4E9F-A317-270611129E7D}.Release|Any CPU.ActiveCfg = Release|Any CPU
		{7C752622-D990-4E9F-A317-270611129E7D}.Release|Any CPU.Build.0 = Release|Any CPU
		{38249BA4-0EDC-4686-A17A-B66B4EAD027A}.Debug|Any CPU.ActiveCfg = Debug|Any CPU
		{38249BA4-0EDC-4686-A17A-B66B4EAD027A}.Debug|Any CPU.Build.0 = Debug|Any CPU
		{38249BA4-0EDC-4686-A17A-B66B4EAD027A}.Release|Any CPU.ActiveCfg = Release|Any CPU
		{38249BA4-0EDC-4686-A17A-B66B4EAD027A}.Release|Any CPU.Build.0 = Release|Any CPU
		{94B4D65C-2979-4CCB-AF63-257C54583414}.Debug|Any CPU.ActiveCfg = Debug|Any CPU
		{94B4D65C-2979-4CCB-AF63-257C54583414}.Debug|Any CPU.Build.0 = Debug|Any CPU
		{94B4D65C-2979-4CCB-AF63-257C54583414}.Release|Any CPU.ActiveCfg = Release|Any CPU
		{94B4D65C-2979-4CCB-AF63-257C54583414}.Release|Any CPU.Build.0 = Release|Any CPU
		{6F1868D6-75C2-4AB4-8572-EDA6BE64399A}.Debug|Any CPU.ActiveCfg = Debug|Any CPU
		{6F1868D6-75C2-4AB4-8572-EDA6BE64399A}.Debug|Any CPU.Build.0 = Debug|Any CPU
		{6F1868D6-75C2-4AB4-8572-EDA6BE64399A}.Release|Any CPU.ActiveCfg = Release|Any CPU
		{6F1868D6-75C2-4AB4-8572-EDA6BE64399A}.Release|Any CPU.Build.0 = Release|Any CPU
		{7BC4156D-B573-4D69-BF83-391C16ABC3AB}.Debug|Any CPU.ActiveCfg = Debug|Any CPU
		{7BC4156D-B573-4D69-BF83-391C16ABC3AB}.Debug|Any CPU.Build.0 = Debug|Any CPU
		{7BC4156D-B573-4D69-BF83-391C16ABC3AB}.Release|Any CPU.ActiveCfg = Release|Any CPU
		{7BC4156D-B573-4D69-BF83-391C16ABC3AB}.Release|Any CPU.Build.0 = Release|Any CPU
		{5B8860B5-BB8E-4325-8D01-970DBF889193}.Debug|Any CPU.ActiveCfg = Debug|Any CPU
		{5B8860B5-BB8E-4325-8D01-970DBF889193}.Debug|Any CPU.Build.0 = Debug|Any CPU
		{5B8860B5-BB8E-4325-8D01-970DBF889193}.Release|Any CPU.ActiveCfg = Release|Any CPU
		{5B8860B5-BB8E-4325-8D01-970DBF889193}.Release|Any CPU.Build.0 = Release|Any CPU
		{15902117-3F31-4A52-A8B7-3B24C4EB44AF}.Debug|Any CPU.ActiveCfg = Debug|Any CPU
		{15902117-3F31-4A52-A8B7-3B24C4EB44AF}.Debug|Any CPU.Build.0 = Debug|Any CPU
		{15902117-3F31-4A52-A8B7-3B24C4EB44AF}.Release|Any CPU.ActiveCfg = Release|Any CPU
		{15902117-3F31-4A52-A8B7-3B24C4EB44AF}.Release|Any CPU.Build.0 = Release|Any CPU
		{5E7486C5-4D4D-4FC6-98B5-704DA4A46672}.Debug|Any CPU.ActiveCfg = Debug|Any CPU
		{5E7486C5-4D4D-4FC6-98B5-704DA4A46672}.Debug|Any CPU.Build.0 = Debug|Any CPU
		{5E7486C5-4D4D-4FC6-98B5-704DA4A46672}.Release|Any CPU.ActiveCfg = Release|Any CPU
		{5E7486C5-4D4D-4FC6-98B5-704DA4A46672}.Release|Any CPU.Build.0 = Release|Any CPU
		{6E468465-BBD8-46FD-B4B8-90DE019B1675}.Debug|Any CPU.ActiveCfg = Debug|Any CPU
		{6E468465-BBD8-46FD-B4B8-90DE019B1675}.Debug|Any CPU.Build.0 = Debug|Any CPU
		{6E468465-BBD8-46FD-B4B8-90DE019B1675}.Release|Any CPU.ActiveCfg = Release|Any CPU
		{6E468465-BBD8-46FD-B4B8-90DE019B1675}.Release|Any CPU.Build.0 = Release|Any CPU
		{6405450B-9E99-4FFA-9028-A2B55A9CABE0}.Debug|Any CPU.ActiveCfg = Debug|Any CPU
		{6405450B-9E99-4FFA-9028-A2B55A9CABE0}.Debug|Any CPU.Build.0 = Debug|Any CPU
		{6405450B-9E99-4FFA-9028-A2B55A9CABE0}.Release|Any CPU.ActiveCfg = Release|Any CPU
		{6405450B-9E99-4FFA-9028-A2B55A9CABE0}.Release|Any CPU.Build.0 = Release|Any CPU
		{A2176F7A-67F2-460C-93B9-41F41263BFE9}.Debug|Any CPU.ActiveCfg = Debug|Any CPU
		{A2176F7A-67F2-460C-93B9-41F41263BFE9}.Debug|Any CPU.Build.0 = Debug|Any CPU
		{A2176F7A-67F2-460C-93B9-41F41263BFE9}.Release|Any CPU.ActiveCfg = Release|Any CPU
		{A2176F7A-67F2-460C-93B9-41F41263BFE9}.Release|Any CPU.Build.0 = Release|Any CPU
		{DE7B1AF0-ECD1-4FB3-9325-D139A721E8EF}.Debug|Any CPU.ActiveCfg = Debug|Any CPU
		{DE7B1AF0-ECD1-4FB3-9325-D139A721E8EF}.Debug|Any CPU.Build.0 = Debug|Any CPU
		{DE7B1AF0-ECD1-4FB3-9325-D139A721E8EF}.Release|Any CPU.ActiveCfg = Release|Any CPU
		{DE7B1AF0-ECD1-4FB3-9325-D139A721E8EF}.Release|Any CPU.Build.0 = Release|Any CPU
	EndGlobalSection
EndGlobal
